
Microsoft Visual Studio Solution File, Format Version 12.00
# Visual Studio Version 16
VisualStudioVersion = 16.0.31105.61
MinimumVisualStudioVersion = 10.0.40219.1
Project("{2150E333-8FDC-42A3-9474-1A3956D46DE8}") = "src", "src", "{EF91ED8C-1F60-49B1-9CDE-1B1009B34A4C}"
EndProject
Project("{9A19103F-16F7-4668-BE54-9A1E7A4F7556}") = "Employees.Api", "Employees.Api\Employees.Api.csproj", "{7C1D5873-967E-4D44-A81B-C0C83F2B14A5}"
	ProjectSection(ProjectDependencies) = postProject
		{F18579B7-AF21-484E-A3AF-70129CF53571} = {F18579B7-AF21-484E-A3AF-70129CF53571}
		{7926BEE0-383E-4DEF-8C14-29C81AF4265D} = {7926BEE0-383E-4DEF-8C14-29C81AF4265D}
	EndProjectSection
EndProject
Project("{9A19103F-16F7-4668-BE54-9A1E7A4F7556}") = "Employees.Domain", "Employees.Domain\Employees.Domain.csproj", "{F18579B7-AF21-484E-A3AF-70129CF53571}"
EndProject
Project("{9A19103F-16F7-4668-BE54-9A1E7A4F7556}") = "Employees.Infrastructure", "Employees.Infrastructure\Employees.Infrastructure.csproj", "{7926BEE0-383E-4DEF-8C14-29C81AF4265D}"
	ProjectSection(ProjectDependencies) = postProject
		{F18579B7-AF21-484E-A3AF-70129CF53571} = {F18579B7-AF21-484E-A3AF-70129CF53571}
	EndProjectSection
EndProject
Project("{2150E333-8FDC-42A3-9474-1A3956D46DE8}") = "Docs", "Docs", "{32921254-4A91-4768-B0A3-65CA8E76593D}"
	ProjectSection(SolutionItems) = preProject
		Readme.md = Readme.md
	EndProjectSection
EndProject
Project("{2150E333-8FDC-42A3-9474-1A3956D46DE8}") = "Api", "Api", "{0C5B2982-294A-4859-AE07-9C3AF2CC8974}"
EndProject
Project("{2150E333-8FDC-42A3-9474-1A3956D46DE8}") = "Core", "Core", "{CA8AC440-624E-41CB-9CA3-1DCA44FA4930}"
EndProject
Project("{2150E333-8FDC-42A3-9474-1A3956D46DE8}") = "Infrastructure", "Infrastructure", "{19A013E7-D5A6-4214-9A0B-47F5D903F248}"
EndProject
Project("{9A19103F-16F7-4668-BE54-9A1E7A4F7556}") = "Employees.Application", "Employees.Application\Employees.Application.csproj", "{B3533059-D100-4FF2-8CA4-E5DD3A21D8DD}"
	ProjectSection(ProjectDependencies) = postProject
		{7926BEE0-383E-4DEF-8C14-29C81AF4265D} = {7926BEE0-383E-4DEF-8C14-29C81AF4265D}
	EndProjectSection
EndProject
Global
	GlobalSection(SolutionConfigurationPlatforms) = preSolution
		Debug|Any CPU = Debug|Any CPU
		Release|Any CPU = Release|Any CPU
	EndGlobalSection
	GlobalSection(ProjectConfigurationPlatforms) = postSolution
		{7C1D5873-967E-4D44-A81B-C0C83F2B14A5}.Debug|Any CPU.ActiveCfg = Debug|Any CPU
		{7C1D5873-967E-4D44-A81B-C0C83F2B14A5}.Debug|Any CPU.Build.0 = Debug|Any CPU
		{7C1D5873-967E-4D44-A81B-C0C83F2B14A5}.Release|Any CPU.ActiveCfg = Release|Any CPU
		{7C1D5873-967E-4D44-A81B-C0C83F2B14A5}.Release|Any CPU.Build.0 = Release|Any CPU
		{F18579B7-AF21-484E-A3AF-70129CF53571}.Debug|Any CPU.ActiveCfg = Debug|Any CPU
		{F18579B7-AF21-484E-A3AF-70129CF53571}.Debug|Any CPU.Build.0 = Debug|Any CPU
		{F18579B7-AF21-484E-A3AF-70129CF53571}.Release|Any CPU.ActiveCfg = Release|Any CPU
		{F18579B7-AF21-484E-A3AF-70129CF53571}.Release|Any CPU.Build.0 = Release|Any CPU
		{7926BEE0-383E-4DEF-8C14-29C81AF4265D}.Debug|Any CPU.ActiveCfg = Debug|Any CPU
		{7926BEE0-383E-4DEF-8C14-29C81AF4265D}.Debug|Any CPU.Build.0 = Debug|Any CPU
		{7926BEE0-383E-4DEF-8C14-29C81AF4265D}.Release|Any CPU.ActiveCfg = Release|Any CPU
		{7926BEE0-383E-4DEF-8C14-29C81AF4265D}.Release|Any CPU.Build.0 = Release|Any CPU
		{B3533059-D100-4FF2-8CA4-E5DD3A21D8DD}.Debug|Any CPU.ActiveCfg = Debug|Any CPU
		{B3533059-D100-4FF2-8CA4-E5DD3A21D8DD}.Debug|Any CPU.Build.0 = Debug|Any CPU
		{B3533059-D100-4FF2-8CA4-E5DD3A21D8DD}.Release|Any CPU.ActiveCfg = Release|Any CPU
		{B3533059-D100-4FF2-8CA4-E5DD3A21D8DD}.Release|Any CPU.Build.0 = Release|Any CPU
	EndGlobalSection
	GlobalSection(SolutionProperties) = preSolution
		HideSolutionNode = FALSE
	EndGlobalSection
	GlobalSection(NestedProjects) = preSolution
		{7C1D5873-967E-4D44-A81B-C0C83F2B14A5} = {0C5B2982-294A-4859-AE07-9C3AF2CC8974}
		{F18579B7-AF21-484E-A3AF-70129CF53571} = {CA8AC440-624E-41CB-9CA3-1DCA44FA4930}
		{7926BEE0-383E-4DEF-8C14-29C81AF4265D} = {19A013E7-D5A6-4214-9A0B-47F5D903F248}
		{0C5B2982-294A-4859-AE07-9C3AF2CC8974} = {EF91ED8C-1F60-49B1-9CDE-1B1009B34A4C}
		{CA8AC440-624E-41CB-9CA3-1DCA44FA4930} = {EF91ED8C-1F60-49B1-9CDE-1B1009B34A4C}
		{19A013E7-D5A6-4214-9A0B-47F5D903F248} = {EF91ED8C-1F60-49B1-9CDE-1B1009B34A4C}
		{B3533059-D100-4FF2-8CA4-E5DD3A21D8DD} = {CA8AC440-624E-41CB-9CA3-1DCA44FA4930}
	EndGlobalSection
	GlobalSection(ExtensibilityGlobals) = postSolution
		SolutionGuid = {93B07B8C-E28F-4FB3-B0CA-230FD7B1C9C4}
	EndGlobalSection
EndGlobal
